// !$*UTF8*$!
{
	archiveVersion = 1;
	classes = {
	};
	objectVersion = 46;
	objects = {

/* Begin PBXBuildFile section */
		8270F76A1E9B090400B3531D /* AppDelegate.swift in Sources */ = {isa = PBXBuildFile; fileRef = 8270F7691E9B090400B3531D /* AppDelegate.swift */; };
		8270F76C1E9B090400B3531D /* ViewController.swift in Sources */ = {isa = PBXBuildFile; fileRef = 8270F76B1E9B090400B3531D /* ViewController.swift */; };
		8270F76F1E9B090400B3531D /* Main.storyboard in Resources */ = {isa = PBXBuildFile; fileRef = 8270F76D1E9B090400B3531D /* Main.storyboard */; };
		8270F7711E9B090400B3531D /* Assets.xcassets in Resources */ = {isa = PBXBuildFile; fileRef = 8270F7701E9B090400B3531D /* Assets.xcassets */; };
		8270F7741E9B090400B3531D /* LaunchScreen.storyboard in Resources */ = {isa = PBXBuildFile; fileRef = 8270F7721E9B090400B3531D /* LaunchScreen.storyboard */; };
/* End PBXBuildFile section */

/* Begin PBXFileReference section */
		8270F7661E9B090400B3531D /* gitDemoTH.app */ = {isa = PBXFileReference; explicitFileType = wrapper.application; includeInIndex = 0; path = gitDemoTH.app; sourceTree = BUILT_PRODUCTS_DIR; };
		8270F7691E9B090400B3531D /* AppDelegate.swift */ = {isa = PBXFileReference; lastKnownFileType = sourcecode.swift; path = AppDelegate.swift; sourceTree = "<group>"; };
		8270F76B1E9B090400B3531D /* ViewController.swift */ = {isa = PBXFileReference; lastKnownFileType = sourcecode.swift; path = ViewController.swift; sourceTree = "<group>"; };
		8270F76E1E9B090400B3531D /* Base */ = {isa = PBXFileReference; lastKnownFileType = file.storyboard; name = Base; path = Base.lproj/Main.storyboard; sourceTree = "<group>"; };
		8270F7701E9B090400B3531D /* Assets.xcassets */ = {isa = PBXFileReference; lastKnownFileType = folder.assetcatalog; path = Assets.xcassets; sourceTree = "<group>"; };
		8270F7731E9B090400B3531D /* Base */ = {isa = PBXFileReference; lastKnownFileType = file.storyboard; name = Base; path = Base.lproj/LaunchScreen.storyboard; sourceTree = "<group>"; };
		8270F7751E9B090400B3531D /* Info.plist */ = {isa = PBXFileReference; lastKnownFileType = text.plist.xml; path = Info.plist; sourceTree = "<group>"; };
/* End PBXFileReference section */

/* Begin PBXFrameworksBuildPhase section */
		8270F7631E9B090400B3531D /* Frameworks */ = {
			isa = PBXFrameworksBuildPhase;
			buildActionMask = 2147483647;
			files = (
			);
			runOnlyForDeploymentPostprocessing = 0;
		};
/* End PBXFrameworksBuildPhase section */

/* Begin PBXGroup section */
		8270F75D1E9B090400B3531D = {
			isa = PBXGroup;
			children = (
				8270F7681E9B090400B3531D /* gitDemoTH */,
				8270F7671E9B090400B3531D /* Products */,
			);
			sourceTree = "<group>";
		};
		8270F7671E9B090400B3531D /* Products */ = {
			isa = PBXGroup;
			children = (
				8270F7661E9B090400B3531D /* gitDemoTH.app */,
			);
			name = Products;
			sourceTree = "<group>";
		};
		8270F7681E9B090400B3531D /* gitDemoTH */ = {
			isa = PBXGroup;
			children = (
				8270F7691E9B090400B3531D /* AppDelegate.swift */,
				8270F76B1E9B090400B3531D /* ViewController.swift */,
				8270F76D1E9B090400B3531D /* Main.storyboard */,
				8270F7701E9B090400B3531D /* Assets.xcassets */,
				8270F7721E9B090400B3531D /* LaunchScreen.storyboard */,
				8270F7751E9B090400B3531D /* Info.plist */,
			);
			path = gitDemoTH;
			sourceTree = "<group>";
		};
/* End PBXGroup section */

/* Begin PBXNativeTarget section */
		8270F7651E9B090400B3531D /* gitDemoTH */ = {
			isa = PBXNativeTarget;
			buildConfigurationList = 8270F7781E9B090400B3531D /* Build configuration list for PBXNativeTarget "gitDemoTH" */;
			buildPhases = (
				8270F7621E9B090400B3531D /* Sources */,
				8270F7631E9B090400B3531D /* Frameworks */,
				8270F7641E9B090400B3531D /* Resources */,
			);
			buildRules = (
			);
			dependencies = (
			);
			name = gitDemoTH;
			productName = gitDemoTH;
			productReference = 8270F7661E9B090400B3531D /* gitDemoTH.app */;
			productType = "com.apple.product-type.application";
		};
/* End PBXNativeTarget section */

/* Begin PBXProject section */
		8270F75E1E9B090400B3531D /* Project object */ = {
			isa = PBXProject;
			attributes = {
				LastSwiftUpdateCheck = 0830;
				LastUpgradeCheck = 0830;
				ORGANIZATIONNAME = "Jose Portuondo-Dember";
				TargetAttributes = {
					8270F7651E9B090400B3531D = {
						CreatedOnToolsVersion = 8.3.1;
						ProvisioningStyle = Automatic;
					};
				};
			};
			buildConfigurationList = 8270F7611E9B090400B3531D /* Build configuration list for PBXProject "gitDemoTH" */;
			compatibilityVersion = "Xcode 3.2";
			developmentRegion = English;
			hasScannedForEncodings = 0;
			knownRegions = (
				en,
				Base,
			);
			mainGroup = 8270F75D1E9B090400B3531D;
			productRefGroup = 8270F7671E9B090400B3531D /* Products */;
			projectDirPath = "";
			projectRoot = "";
			targets = (
				8270F7651E9B090400B3531D /* gitDemoTH */,
			);
		};
/* End PBXProject section */

/* Begin PBXResourcesBuildPhase section */
		8270F7641E9B090400B3531D /* Resources */ = {
			isa = PBXResourcesBuildPhase;
			buildActionMask = 2147483647;
			files = (
				8270F7741E9B090400B3531D /* LaunchScreen.storyboard in Resources */,
				8270F7711E9B090400B3531D /* Assets.xcassets in Resources */,
				8270F76F1E9B090400B3531D /* Main.storyboard in Resources */,
			);
			runOnlyForDeploymentPostprocessing = 0;
		};
/* End PBXResourcesBuildPhase section */

/* Begin PBXSourcesBuildPhase section */
		8270F7621E9B090400B3531D /* Sources */ = {
			isa = PBXSourcesBuildPhase;
			buildActionMask = 2147483647;
			files = (
				8270F76C1E9B090400B3531D /* ViewController.swift in Sources */,
				8270F76A1E9B090400B3531D /* AppDelegate.swift in Sources */,
			);
			runOnlyForDeploymentPostprocessing = 0;
		};
/* End PBXSourcesBuildPhase section */

/* Begin PBXVariantGroup section */
		8270F76D1E9B090400B3531D /* Main.storyboard */ = {
			isa = PBXVariantGroup;
			children = (
				8270F76E1E9B090400B3531D /* Base */,
			);
			name = Main.storyboard;
			sourceTree = "<group>";
		};
		8270F7721E9B090400B3531D /* LaunchScreen.storyboard */ = {
			isa = PBXVariantGroup;
			children = (
				8270F7731E9B090400B3531D /* Base */,
			);
			name = LaunchScreen.storyboard;
			sourceTree = "<group>";
		};
/* End PBXVariantGroup section */

/* Begin XCBuildConfiguration section */
		8270F7761E9B090400B3531D /* Debug */ = {
			isa = XCBuildConfiguration;
			buildSettings = {
				ALWAYS_SEARCH_USER_PATHS = NO;
				CLANG_ANALYZER_NONNULL = YES;
				CLANG_ANALYZER_NUMBER_OBJECT_CONVERSION = YES_AGGRESSIVE;
				CLANG_CXX_LANGUAGE_STANDARD = "gnu++0x";
				CLANG_CXX_LIBRARY = "libc++";
				CLANG_ENABLE_MODULES = YES;
				CLANG_ENABLE_OBJC_ARC = YES;
				CLANG_WARN_BOOL_CONVERSION = YES;
				CLANG_WARN_CONSTANT_CONVERSION = YES;
				CLANG_WARN_DIRECT_OBJC_ISA_USAGE = YES_ERROR;
				CLANG_WARN_DOCUMENTATION_COMMENTS = YES;
				CLANG_WARN_EMPTY_BODY = YES;
				CLANG_WARN_ENUM_CONVERSION = YES;
				CLANG_WARN_INFINITE_RECURSION = YES;
				CLANG_WARN_INT_CONVERSION = YES;
				CLANG_WARN_OBJC_ROOT_CLASS = YES_ERROR;
				CLANG_WARN_SUSPICIOUS_MOVE = YES;
				CLANG_WARN_UNREACHABLE_CODE = YES;
				CLANG_WARN__DUPLICATE_METHOD_MATCH = YES;
				"CODE_SIGN_IDENTITY[sdk=iphoneos*]" = "iPhone Developer";
				COPY_PHASE_STRIP = NO;
				DEBUG_INFORMATION_FORMAT = dwarf;
				ENABLE_STRICT_OBJC_MSGSEND = YES;
				ENABLE_TESTABILITY = YES;
				GCC_C_LANGUAGE_STANDARD = gnu99;
				GCC_DYNAMIC_NO_PIC = NO;
				GCC_NO_COMMON_BLOCKS = YES;
				GCC_OPTIMIZATION_LEVEL = 0;
				GCC_PREPROCESSOR_DEFINITIONS = (
					"DEBUG=1",
					"$(inherited)",
				);
				GCC_WARN_64_TO_32_BIT_CONVERSION = YES;
				GCC_WARN_ABOUT_RETURN_TYPE = YES_ERROR;
				GCC_WARN_UNDECLARED_SELECTOR = YES;
				GCC_WARN_UNINITIALIZED_AUTOS = YES_AGGRESSIVE;
				GCC_WARN_UNUSED_FUNCTION = YES;
				GCC_WARN_UNUSED_VARIABLE = YES;
				IPHONEOS_DEPLOYMENT_TARGET = 10.3;
				MTL_ENABLE_DEBUG_INFO = YES;
				ONLY_ACTIVE_ARCH = YES;
				SDKROOT = iphoneos;
				SWIFT_ACTIVE_COMPILATION_CONDITIONS = DEBUG;
				SWIFT_OPTIMIZATION_LEVEL = "-Onone";
			};
			name = Debug;
		};
		8270F7771E9B090400B3531D /* Release */ = {
			isa = XCBuildConfiguration;
			buildSettings = {
				ALWAYS_SEARCH_USER_PATHS = NO;
				CLANG_ANALYZER_NONNULL = YES;
				CLANG_ANALYZER_NUMBER_OBJECT_CONVERSION = YES_AGGRESSIVE;
				CLANG_CXX_LANGUAGE_STANDARD = "gnu++0x";
				CLANG_CXX_LIBRARY = "libc++";
				CLANG_ENABLE_MODULES = YES;
				CLANG_ENABLE_OBJC_ARC = YES;
				CLANG_WARN_BOOL_CONVERSION = YES;
				CLANG_WARN_CONSTANT_CONVERSION = YES;
				CLANG_WARN_DIRECT_OBJC_ISA_USAGE = YES_ERROR;
				CLANG_WARN_DOCUMENTATION_COMMENTS = YES;
				CLANG_WARN_EMPTY_BODY = YES;
				CLANG_WARN_ENUM_CONVERSION = YES;
				CLANG_WARN_INFINITE_RECURSION = YES;
				CLANG_WARN_INT_CONVERSION = YES;
				CLANG_WARN_OBJC_ROOT_CLASS = YES_ERROR;
				CLANG_WARN_SUSPICIOUS_MOVE = YES;
				CLANG_WARN_UNREACHABLE_CODE = YES;
				CLANG_WARN__DUPLICATE_METHOD_MATCH = YES;
				"CODE_SIGN_IDENTITY[sdk=iphoneos*]" = "iPhone Developer";
				COPY_PHASE_STRIP = NO;
				DEBUG_INFORMATION_FORMAT = "dwarf-with-dsym";
				ENABLE_NS_ASSERTIONS = NO;
				ENABLE_STRICT_OBJC_MSGSEND = YES;
				GCC_C_LANGUAGE_STANDARD = gnu99;
				GCC_NO_COMMON_BLOCKS = YES;
				GCC_WARN_64_TO_32_BIT_CONVERSION = YES;
				GCC_WARN_ABOUT_RETURN_TYPE = YES_ERROR;
				GCC_WARN_UNDECLARED_SELECTOR = YES;
				GCC_WARN_UNINITIALIZED_AUTOS = YES_AGGRESSIVE;
				GCC_WARN_UNUSED_FUNCTION = YES;
				GCC_WARN_UNUSED_VARIABLE = YES;
				IPHONEOS_DEPLOYMENT_TARGET = 10.3;
				MTL_ENABLE_DEBUG_INFO = NO;
				SDKROOT = iphoneos;
				SWIFT_OPTIMIZATION_LEVEL = "-Owholemodule";
				VALIDATE_PRODUCT = YES;
			};
			name = Release;
		};
		8270F7791E9B090400B3531D /* Debug */ = {
			isa = XCBuildConfiguration;
			buildSettings = {
				ASSETCATALOG_COMPILER_APPICON_NAME = AppIcon;
				INFOPLIST_FILE = gitDemoTH/Info.plist;
				LD_RUNPATH_SEARCH_PATHS = "$(inherited) @executable_path/Frameworks";
				PRODUCT_BUNDLE_IDENTIFIER = us.portuondo.gitDemoTH;
				PRODUCT_NAME = "$(TARGET_NAME)";
				SWIFT_VERSION = 3.0;
			};
			name = Debug;
		};
		8270F77A1E9B090400B3531D /* Release */ = {
			isa = XCBuildConfiguration;
			buildSettings = {
				ASSETCATALOG_COMPILER_APPICON_NAME = AppIcon;
				INFOPLIST_FILE = gitDemoTH/Info.plist;
				LD_RUNPATH_SEARCH_PATHS = "$(inherited) @executable_path/Frameworks";
				PRODUCT_BUNDLE_IDENTIFIER = us.portuondo.gitDemoTH;
				PRODUCT_NAME = "$(TARGET_NAME)";
				SWIFT_VERSION = 3.0;
			};
			name = Release;
		};
/* End XCBuildConfiguration section */

/* Begin XCConfigurationList section */
		8270F7611E9B090400B3531D /* Build configuration list for PBXProject "gitDemoTH" */ = {
			isa = XCConfigurationList;
			buildConfigurations = (
				8270F7761E9B090400B3531D /* Debug */,
				8270F7771E9B090400B3531D /* Release */,
			);
			defaultConfigurationIsVisible = 0;
			defaultConfigurationName = Release;
		};
		8270F7781E9B090400B3531D /* Build configuration list for PBXNativeTarget "gitDemoTH" */ = {
			isa = XCConfigurationList;
			buildConfigurations = (
				8270F7791E9B090400B3531D /* Debug */,
				8270F77A1E9B090400B3531D /* Release */,
			);
			defaultConfigurationIsVisible = 0;
		};
/* End XCConfigurationList section */
	};
	rootObject = 8270F75E1E9B090400B3531D /* Project object */;
}
